
Microsoft Visual Studio Solution File, Format Version 12.00
# Visual Studio Version 16
VisualStudioVersion = 16.0.30011.22
MinimumVisualStudioVersion = 10.0.40219.1
Project("{FAE04EC0-301F-11D3-BF4B-00C04F79EFBC}") = "15-ForDongusu", "15-ForDongusu\15-ForDongusu.csproj", "{31630BC7-F5B1-4FF0-91B4-ED4E867E0024}"
EndProject
Global
	GlobalSection(SolutionConfigurationPlatforms) = preSolution
		Debug|Any CPU = Debug|Any CPU
		Release|Any CPU = Release|Any CPU
	EndGlobalSection
	GlobalSection(ProjectConfigurationPlatforms) = postSolution
		{31630BC7-F5B1-4FF0-91B4-ED4E867E0024}.Debug|Any CPU.ActiveCfg = Debug|Any CPU
		{31630BC7-F5B1-4FF0-91B4-ED4E867E0024}.Debug|Any CPU.Build.0 = Debug|Any CPU
		{31630BC7-F5B1-4FF0-91B4-ED4E867E0024}.Release|Any CPU.ActiveCfg = Release|Any CPU
		{31630BC7-F5B1-4FF0-91B4-ED4E867E0024}.Release|Any CPU.Build.0 = Release|Any CPU
	EndGlobalSection
	GlobalSection(SolutionProperties) = preSolution
		HideSolutionNode = FALSE
	EndGlobalSection
	GlobalSection(ExtensibilityGlobals) = postSolution
		SolutionGuid = {EB28E282-D98B-4D16-9644-7854F9375A7C}
	EndGlobalSection
EndGlobal
